
Microsoft Visual Studio Solution File, Format Version 12.00
# Visual Studio Version 16
VisualStudioVersion = 16.0.28917.181
MinimumVisualStudioVersion = 10.0.40219.1
Project("{9A19103F-16F7-4668-BE54-9A1E7A4F7556}") = "PortalITEdx", "PortalITEdx.csproj", "{9A3EF9A3-03BB-4089-A6B0-95A2DC4CB0D0}"
EndProject
Project("{FAE04EC0-301F-11D3-BF4B-00C04F79EFBC}") = "PortalITEdx.Domain", "..\PortalITEdx.Domain\PortalITEdx.Domain.csproj", "{3CDFDEE4-0ED2-4C05-9C1A-DCE0081F7699}"
EndProject
Project("{2150E333-8FDC-42A3-9474-1A3956D46DE8}") = "Dominio", "Dominio", "{232FFB22-2FE2-4880-B4E9-B5DD175C30A6}"
EndProject
Project("{FAE04EC0-301F-11D3-BF4B-00C04F79EFBC}") = "PortalITEdx.Services", "..\PortalITEdx.Services\PortalITEdx.Services.csproj", "{563D0950-8ADD-4FE7-A7D3-8E7A8847BF14}"
EndProject
Global
	GlobalSection(SolutionConfigurationPlatforms) = preSolution
		Debug|Any CPU = Debug|Any CPU
		Release|Any CPU = Release|Any CPU
	EndGlobalSection
	GlobalSection(ProjectConfigurationPlatforms) = postSolution
		{9A3EF9A3-03BB-4089-A6B0-95A2DC4CB0D0}.Debug|Any CPU.ActiveCfg = Debug|Any CPU
		{9A3EF9A3-03BB-4089-A6B0-95A2DC4CB0D0}.Debug|Any CPU.Build.0 = Debug|Any CPU
		{9A3EF9A3-03BB-4089-A6B0-95A2DC4CB0D0}.Release|Any CPU.ActiveCfg = Release|Any CPU
		{9A3EF9A3-03BB-4089-A6B0-95A2DC4CB0D0}.Release|Any CPU.Build.0 = Release|Any CPU
		{3CDFDEE4-0ED2-4C05-9C1A-DCE0081F7699}.Debug|Any CPU.ActiveCfg = Debug|Any CPU
		{3CDFDEE4-0ED2-4C05-9C1A-DCE0081F7699}.Debug|Any CPU.Build.0 = Debug|Any CPU
		{3CDFDEE4-0ED2-4C05-9C1A-DCE0081F7699}.Release|Any CPU.ActiveCfg = Release|Any CPU
		{3CDFDEE4-0ED2-4C05-9C1A-DCE0081F7699}.Release|Any CPU.Build.0 = Release|Any CPU
		{563D0950-8ADD-4FE7-A7D3-8E7A8847BF14}.Debug|Any CPU.ActiveCfg = Debug|Any CPU
		{563D0950-8ADD-4FE7-A7D3-8E7A8847BF14}.Debug|Any CPU.Build.0 = Debug|Any CPU
		{563D0950-8ADD-4FE7-A7D3-8E7A8847BF14}.Release|Any CPU.ActiveCfg = Release|Any CPU
		{563D0950-8ADD-4FE7-A7D3-8E7A8847BF14}.Release|Any CPU.Build.0 = Release|Any CPU
	EndGlobalSection
	GlobalSection(SolutionProperties) = preSolution
		HideSolutionNode = FALSE
	EndGlobalSection
	GlobalSection(NestedProjects) = preSolution
		{3CDFDEE4-0ED2-4C05-9C1A-DCE0081F7699} = {232FFB22-2FE2-4880-B4E9-B5DD175C30A6}
		{563D0950-8ADD-4FE7-A7D3-8E7A8847BF14} = {232FFB22-2FE2-4880-B4E9-B5DD175C30A6}
	EndGlobalSection
	GlobalSection(ExtensibilityGlobals) = postSolution
		SolutionGuid = {0DE93699-0540-4938-9B98-7434639A2700}
	EndGlobalSection
EndGlobal
